// !$*UTF8*$!
{
	archiveVersion = 1;
	classes = {
	};
	objectVersion = 55;
	objects = {

/* Begin PBXBuildFile section */
		134623C32875F321007532A5 /* DetailViewController.swift in Sources */ = {isa = PBXBuildFile; fileRef = 134623C22875F321007532A5 /* DetailViewController.swift */; };
		13F9C292287479DC0064E2D6 /* AppDelegate.swift in Sources */ = {isa = PBXBuildFile; fileRef = 13F9C291287479DC0064E2D6 /* AppDelegate.swift */; };
		13F9C294287479DC0064E2D6 /* SceneDelegate.swift in Sources */ = {isa = PBXBuildFile; fileRef = 13F9C293287479DC0064E2D6 /* SceneDelegate.swift */; };
		13F9C296287479DC0064E2D6 /* ViewController.swift in Sources */ = {isa = PBXBuildFile; fileRef = 13F9C295287479DC0064E2D6 /* ViewController.swift */; };
		13F9C299287479DC0064E2D6 /* Main.storyboard in Resources */ = {isa = PBXBuildFile; fileRef = 13F9C297287479DC0064E2D6 /* Main.storyboard */; };
		13F9C29B287479DD0064E2D6 /* Assets.xcassets in Resources */ = {isa = PBXBuildFile; fileRef = 13F9C29A287479DD0064E2D6 /* Assets.xcassets */; };
		13F9C29E287479DD0064E2D6 /* LaunchScreen.storyboard in Resources */ = {isa = PBXBuildFile; fileRef = 13F9C29C287479DD0064E2D6 /* LaunchScreen.storyboard */; };
		13F9C2B028747A9A0064E2D6 /* nssl0049.jpg in Resources */ = {isa = PBXBuildFile; fileRef = 13F9C2A628747A9A0064E2D6 /* nssl0049.jpg */; };
		13F9C2B128747A9A0064E2D6 /* nssl0046.jpg in Resources */ = {isa = PBXBuildFile; fileRef = 13F9C2A728747A9A0064E2D6 /* nssl0046.jpg */; };
		13F9C2B228747A9A0064E2D6 /* nssl0091.jpg in Resources */ = {isa = PBXBuildFile; fileRef = 13F9C2A828747A9A0064E2D6 /* nssl0091.jpg */; };
		13F9C2B328747A9A0064E2D6 /* nssl0045.jpg in Resources */ = {isa = PBXBuildFile; fileRef = 13F9C2A928747A9A0064E2D6 /* nssl0045.jpg */; };
		13F9C2B428747A9A0064E2D6 /* nssl0051.jpg in Resources */ = {isa = PBXBuildFile; fileRef = 13F9C2AA28747A9A0064E2D6 /* nssl0051.jpg */; };
		13F9C2B528747A9A0064E2D6 /* nssl0041.jpg in Resources */ = {isa = PBXBuildFile; fileRef = 13F9C2AB28747A9A0064E2D6 /* nssl0041.jpg */; };
		13F9C2B628747A9A0064E2D6 /* nssl0042.jpg in Resources */ = {isa = PBXBuildFile; fileRef = 13F9C2AC28747A9A0064E2D6 /* nssl0042.jpg */; };
		13F9C2B728747A9A0064E2D6 /* nssl0043.jpg in Resources */ = {isa = PBXBuildFile; fileRef = 13F9C2AD28747A9A0064E2D6 /* nssl0043.jpg */; };
		13F9C2B828747A9A0064E2D6 /* nssl0033.jpg in Resources */ = {isa = PBXBuildFile; fileRef = 13F9C2AE28747A9A0064E2D6 /* nssl0033.jpg */; };
		13F9C2B928747A9A0064E2D6 /* nssl0034.jpg in Resources */ = {isa = PBXBuildFile; fileRef = 13F9C2AF28747A9A0064E2D6 /* nssl0034.jpg */; };
/* End PBXBuildFile section */

/* Begin PBXFileReference section */
		134623C22875F321007532A5 /* DetailViewController.swift */ = {isa = PBXFileReference; lastKnownFileType = sourcecode.swift; path = DetailViewController.swift; sourceTree = "<group>"; };
		13F9C28E287479DC0064E2D6 /* Project1 - HackingSwift - StormViewer.app */ = {isa = PBXFileReference; explicitFileType = wrapper.application; includeInIndex = 0; path = "Project1 - HackingSwift - StormViewer.app"; sourceTree = BUILT_PRODUCTS_DIR; };
		13F9C291287479DC0064E2D6 /* AppDelegate.swift */ = {isa = PBXFileReference; lastKnownFileType = sourcecode.swift; path = AppDelegate.swift; sourceTree = "<group>"; };
		13F9C293287479DC0064E2D6 /* SceneDelegate.swift */ = {isa = PBXFileReference; lastKnownFileType = sourcecode.swift; path = SceneDelegate.swift; sourceTree = "<group>"; };
		13F9C295287479DC0064E2D6 /* ViewController.swift */ = {isa = PBXFileReference; lastKnownFileType = sourcecode.swift; path = ViewController.swift; sourceTree = "<group>"; };
		13F9C298287479DC0064E2D6 /* Base */ = {isa = PBXFileReference; lastKnownFileType = file.storyboard; name = Base; path = Base.lproj/Main.storyboard; sourceTree = "<group>"; };
		13F9C29A287479DD0064E2D6 /* Assets.xcassets */ = {isa = PBXFileReference; lastKnownFileType = folder.assetcatalog; path = Assets.xcassets; sourceTree = "<group>"; };
		13F9C29D287479DD0064E2D6 /* Base */ = {isa = PBXFileReference; lastKnownFileType = file.storyboard; name = Base; path = Base.lproj/LaunchScreen.storyboard; sourceTree = "<group>"; };
		13F9C29F287479DD0064E2D6 /* Info.plist */ = {isa = PBXFileReference; lastKnownFileType = text.plist.xml; path = Info.plist; sourceTree = "<group>"; };
		13F9C2A628747A9A0064E2D6 /* nssl0049.jpg */ = {isa = PBXFileReference; lastKnownFileType = image.jpeg; path = nssl0049.jpg; sourceTree = "<group>"; };
		13F9C2A728747A9A0064E2D6 /* nssl0046.jpg */ = {isa = PBXFileReference; lastKnownFileType = image.jpeg; path = nssl0046.jpg; sourceTree = "<group>"; };
		13F9C2A828747A9A0064E2D6 /* nssl0091.jpg */ = {isa = PBXFileReference; lastKnownFileType = image.jpeg; path = nssl0091.jpg; sourceTree = "<group>"; };
		13F9C2A928747A9A0064E2D6 /* nssl0045.jpg */ = {isa = PBXFileReference; lastKnownFileType = image.jpeg; path = nssl0045.jpg; sourceTree = "<group>"; };
		13F9C2AA28747A9A0064E2D6 /* nssl0051.jpg */ = {isa = PBXFileReference; lastKnownFileType = image.jpeg; path = nssl0051.jpg; sourceTree = "<group>"; };
		13F9C2AB28747A9A0064E2D6 /* nssl0041.jpg */ = {isa = PBXFileReference; lastKnownFileType = image.jpeg; path = nssl0041.jpg; sourceTree = "<group>"; };
		13F9C2AC28747A9A0064E2D6 /* nssl0042.jpg */ = {isa = PBXFileReference; lastKnownFileType = image.jpeg; path = nssl0042.jpg; sourceTree = "<group>"; };
		13F9C2AD28747A9A0064E2D6 /* nssl0043.jpg */ = {isa = PBXFileReference; lastKnownFileType = image.jpeg; path = nssl0043.jpg; sourceTree = "<group>"; };
		13F9C2AE28747A9A0064E2D6 /* nssl0033.jpg */ = {isa = PBXFileReference; lastKnownFileType = image.jpeg; path = nssl0033.jpg; sourceTree = "<group>"; };
		13F9C2AF28747A9A0064E2D6 /* nssl0034.jpg */ = {isa = PBXFileReference; lastKnownFileType = image.jpeg; path = nssl0034.jpg; sourceTree = "<group>"; };
/* End PBXFileReference section */

/* Begin PBXFrameworksBuildPhase section */
		13F9C28B287479DC0064E2D6 /* Frameworks */ = {
			isa = PBXFrameworksBuildPhase;
			buildActionMask = 2147483647;
			files = (
			);
			runOnlyForDeploymentPostprocessing = 0;
		};
/* End PBXFrameworksBuildPhase section */

/* Begin PBXGroup section */
		13F9C285287479DC0064E2D6 = {
			isa = PBXGroup;
			children = (
				13F9C290287479DC0064E2D6 /* Project1 - HackingSwift - StormViewer */,
				13F9C28F287479DC0064E2D6 /* Products */,
			);
			sourceTree = "<group>";
		};
		13F9C28F287479DC0064E2D6 /* Products */ = {
			isa = PBXGroup;
			children = (
				13F9C28E287479DC0064E2D6 /* Project1 - HackingSwift - StormViewer.app */,
			);
			name = Products;
			sourceTree = "<group>";
		};
		13F9C290287479DC0064E2D6 /* Project1 - HackingSwift - StormViewer */ = {
			isa = PBXGroup;
			children = (
				13F9C291287479DC0064E2D6 /* AppDelegate.swift */,
				13F9C293287479DC0064E2D6 /* SceneDelegate.swift */,
				13F9C295287479DC0064E2D6 /* ViewController.swift */,
				134623C22875F321007532A5 /* DetailViewController.swift */,
				13F9C297287479DC0064E2D6 /* Main.storyboard */,
				13F9C29A287479DD0064E2D6 /* Assets.xcassets */,
				13F9C29C287479DD0064E2D6 /* LaunchScreen.storyboard */,
				13F9C29F287479DD0064E2D6 /* Info.plist */,
				13F9C2A528747A9A0064E2D6 /* Content */,
			);
			path = "Project1 - HackingSwift - StormViewer";
			sourceTree = "<group>";
		};
		13F9C2A528747A9A0064E2D6 /* Content */ = {
			isa = PBXGroup;
			children = (
				13F9C2A628747A9A0064E2D6 /* nssl0049.jpg */,
				13F9C2A728747A9A0064E2D6 /* nssl0046.jpg */,
				13F9C2A828747A9A0064E2D6 /* nssl0091.jpg */,
				13F9C2A928747A9A0064E2D6 /* nssl0045.jpg */,
				13F9C2AA28747A9A0064E2D6 /* nssl0051.jpg */,
				13F9C2AB28747A9A0064E2D6 /* nssl0041.jpg */,
				13F9C2AC28747A9A0064E2D6 /* nssl0042.jpg */,
				13F9C2AD28747A9A0064E2D6 /* nssl0043.jpg */,
				13F9C2AE28747A9A0064E2D6 /* nssl0033.jpg */,
				13F9C2AF28747A9A0064E2D6 /* nssl0034.jpg */,
			);
			path = Content;
			sourceTree = "<group>";
		};
/* End PBXGroup section */

/* Begin PBXNativeTarget section */
		13F9C28D287479DC0064E2D6 /* Project1 - HackingSwift - StormViewer */ = {
			isa = PBXNativeTarget;
			buildConfigurationList = 13F9C2A2287479DD0064E2D6 /* Build configuration list for PBXNativeTarget "Project1 - HackingSwift - StormViewer" */;
			buildPhases = (
				13F9C28A287479DC0064E2D6 /* Sources */,
				13F9C28B287479DC0064E2D6 /* Frameworks */,
				13F9C28C287479DC0064E2D6 /* Resources */,
			);
			buildRules = (
			);
			dependencies = (
			);
			name = "Project1 - HackingSwift - StormViewer";
			productName = "Project1 - HackingSwift - StormViewer";
			productReference = 13F9C28E287479DC0064E2D6 /* Project1 - HackingSwift - StormViewer.app */;
			productType = "com.apple.product-type.application";
		};
/* End PBXNativeTarget section */

/* Begin PBXProject section */
		13F9C286287479DC0064E2D6 /* Project object */ = {
			isa = PBXProject;
			attributes = {
				BuildIndependentTargetsInParallel = 1;
				LastSwiftUpdateCheck = 1340;
				LastUpgradeCheck = 1340;
				TargetAttributes = {
					13F9C28D287479DC0064E2D6 = {
						CreatedOnToolsVersion = 13.4.1;
					};
				};
			};
			buildConfigurationList = 13F9C289287479DC0064E2D6 /* Build configuration list for PBXProject "Project1 - HackingSwift - StormViewer" */;
			compatibilityVersion = "Xcode 13.0";
			developmentRegion = en;
			hasScannedForEncodings = 0;
			knownRegions = (
				en,
				Base,
			);
			mainGroup = 13F9C285287479DC0064E2D6;
			productRefGroup = 13F9C28F287479DC0064E2D6 /* Products */;
			projectDirPath = "";
			projectRoot = "";
			targets = (
				13F9C28D287479DC0064E2D6 /* Project1 - HackingSwift - StormViewer */,
			);
		};
/* End PBXProject section */

/* Begin PBXResourcesBuildPhase section */
		13F9C28C287479DC0064E2D6 /* Resources */ = {
			isa = PBXResourcesBuildPhase;
			buildActionMask = 2147483647;
			files = (
				13F9C2B128747A9A0064E2D6 /* nssl0046.jpg in Resources */,
				13F9C2B828747A9A0064E2D6 /* nssl0033.jpg in Resources */,
				13F9C2B428747A9A0064E2D6 /* nssl0051.jpg in Resources */,
				13F9C2B228747A9A0064E2D6 /* nssl0091.jpg in Resources */,
				13F9C2B728747A9A0064E2D6 /* nssl0043.jpg in Resources */,
				13F9C2B928747A9A0064E2D6 /* nssl0034.jpg in Resources */,
				13F9C2B028747A9A0064E2D6 /* nssl0049.jpg in Resources */,
				13F9C2B528747A9A0064E2D6 /* nssl0041.jpg in Resources */,
				13F9C2B628747A9A0064E2D6 /* nssl0042.jpg in Resources */,
				13F9C29E287479DD0064E2D6 /* LaunchScreen.storyboard in Resources */,
				13F9C29B287479DD0064E2D6 /* Assets.xcassets in Resources */,
				13F9C2B328747A9A0064E2D6 /* nssl0045.jpg in Resources */,
				13F9C299287479DC0064E2D6 /* Main.storyboard in Resources */,
			);
			runOnlyForDeploymentPostprocessing = 0;
		};
/* End PBXResourcesBuildPhase section */

/* Begin PBXSourcesBuildPhase section */
		13F9C28A287479DC0064E2D6 /* Sources */ = {
			isa = PBXSourcesBuildPhase;
			buildActionMask = 2147483647;
			files = (
				13F9C296287479DC0064E2D6 /* ViewController.swift in Sources */,
				13F9C292287479DC0064E2D6 /* AppDelegate.swift in Sources */,
				13F9C294287479DC0064E2D6 /* SceneDelegate.swift in Sources */,
				134623C32875F321007532A5 /* DetailViewController.swift in Sources */,
			);
			runOnlyForDeploymentPostprocessing = 0;
		};
/* End PBXSourcesBuildPhase section */

/* Begin PBXVariantGroup section */
		13F9C297287479DC0064E2D6 /* Main.storyboard */ = {
			isa = PBXVariantGroup;
			children = (
				13F9C298287479DC0064E2D6 /* Base */,
			);
			name = Main.storyboard;
			sourceTree = "<group>";
		};
		13F9C29C287479DD0064E2D6 /* LaunchScreen.storyboard */ = {
			isa = PBXVariantGroup;
			children = (
				13F9C29D287479DD0064E2D6 /* Base */,
			);
			name = LaunchScreen.storyboard;
			sourceTree = "<group>";
		};
/* End PBXVariantGroup section */

/* Begin XCBuildConfiguration section */
		13F9C2A0287479DD0064E2D6 /* Debug */ = {
			isa = XCBuildConfiguration;
			buildSettings = {
				ALWAYS_SEARCH_USER_PATHS = NO;
				CLANG_ANALYZER_NONNULL = YES;
				CLANG_ANALYZER_NUMBER_OBJECT_CONVERSION = YES_AGGRESSIVE;
				CLANG_CXX_LANGUAGE_STANDARD = "gnu++17";
				CLANG_ENABLE_MODULES = YES;
				CLANG_ENABLE_OBJC_ARC = YES;
				CLANG_ENABLE_OBJC_WEAK = YES;
				CLANG_WARN_BLOCK_CAPTURE_AUTORELEASING = YES;
				CLANG_WARN_BOOL_CONVERSION = YES;
				CLANG_WARN_COMMA = YES;
				CLANG_WARN_CONSTANT_CONVERSION = YES;
				CLANG_WARN_DEPRECATED_OBJC_IMPLEMENTATIONS = YES;
				CLANG_WARN_DIRECT_OBJC_ISA_USAGE = YES_ERROR;
				CLANG_WARN_DOCUMENTATION_COMMENTS = YES;
				CLANG_WARN_EMPTY_BODY = YES;
				CLANG_WARN_ENUM_CONVERSION = YES;
				CLANG_WARN_INFINITE_RECURSION = YES;
				CLANG_WARN_INT_CONVERSION = YES;
				CLANG_WARN_NON_LITERAL_NULL_CONVERSION = YES;
				CLANG_WARN_OBJC_IMPLICIT_RETAIN_SELF = YES;
				CLANG_WARN_OBJC_LITERAL_CONVERSION = YES;
				CLANG_WARN_OBJC_ROOT_CLASS = YES_ERROR;
				CLANG_WARN_QUOTED_INCLUDE_IN_FRAMEWORK_HEADER = YES;
				CLANG_WARN_RANGE_LOOP_ANALYSIS = YES;
				CLANG_WARN_STRICT_PROTOTYPES = YES;
				CLANG_WARN_SUSPICIOUS_MOVE = YES;
				CLANG_WARN_UNGUARDED_AVAILABILITY = YES_AGGRESSIVE;
				CLANG_WARN_UNREACHABLE_CODE = YES;
				CLANG_WARN__DUPLICATE_METHOD_MATCH = YES;
				COPY_PHASE_STRIP = NO;
				DEBUG_INFORMATION_FORMAT = dwarf;
				ENABLE_STRICT_OBJC_MSGSEND = YES;
				ENABLE_TESTABILITY = YES;
				GCC_C_LANGUAGE_STANDARD = gnu11;
				GCC_DYNAMIC_NO_PIC = NO;
				GCC_NO_COMMON_BLOCKS = YES;
				GCC_OPTIMIZATION_LEVEL = 0;
				GCC_PREPROCESSOR_DEFINITIONS = (
					"DEBUG=1",
					"$(inherited)",
				);
				GCC_WARN_64_TO_32_BIT_CONVERSION = YES;
				GCC_WARN_ABOUT_RETURN_TYPE = YES_ERROR;
				GCC_WARN_UNDECLARED_SELECTOR = YES;
				GCC_WARN_UNINITIALIZED_AUTOS = YES_AGGRESSIVE;
				GCC_WARN_UNUSED_FUNCTION = YES;
				GCC_WARN_UNUSED_VARIABLE = YES;
				IPHONEOS_DEPLOYMENT_TARGET = 15.5;
				MTL_ENABLE_DEBUG_INFO = INCLUDE_SOURCE;
				MTL_FAST_MATH = YES;
				ONLY_ACTIVE_ARCH = YES;
				SDKROOT = iphoneos;
				SWIFT_ACTIVE_COMPILATION_CONDITIONS = DEBUG;
				SWIFT_OPTIMIZATION_LEVEL = "-Onone";
			};
			name = Debug;
		};
		13F9C2A1287479DD0064E2D6 /* Release */ = {
			isa = XCBuildConfiguration;
			buildSettings = {
				ALWAYS_SEARCH_USER_PATHS = NO;
				CLANG_ANALYZER_NONNULL = YES;
				CLANG_ANALYZER_NUMBER_OBJECT_CONVERSION = YES_AGGRESSIVE;
				CLANG_CXX_LANGUAGE_STANDARD = "gnu++17";
				CLANG_ENABLE_MODULES = YES;
				CLANG_ENABLE_OBJC_ARC = YES;
				CLANG_ENABLE_OBJC_WEAK = YES;
				CLANG_WARN_BLOCK_CAPTURE_AUTORELEASING = YES;
				CLANG_WARN_BOOL_CONVERSION = YES;
				CLANG_WARN_COMMA = YES;
				CLANG_WARN_CONSTANT_CONVERSION = YES;
				CLANG_WARN_DEPRECATED_OBJC_IMPLEMENTATIONS = YES;
				CLANG_WARN_DIRECT_OBJC_ISA_USAGE = YES_ERROR;
				CLANG_WARN_DOCUMENTATION_COMMENTS = YES;
				CLANG_WARN_EMPTY_BODY = YES;
				CLANG_WARN_ENUM_CONVERSION = YES;
				CLANG_WARN_INFINITE_RECURSION = YES;
				CLANG_WARN_INT_CONVERSION = YES;
				CLANG_WARN_NON_LITERAL_NULL_CONVERSION = YES;
				CLANG_WARN_OBJC_IMPLICIT_RETAIN_SELF = YES;
				CLANG_WARN_OBJC_LITERAL_CONVERSION = YES;
				CLANG_WARN_OBJC_ROOT_CLASS = YES_ERROR;
				CLANG_WARN_QUOTED_INCLUDE_IN_FRAMEWORK_HEADER = YES;
				CLANG_WARN_RANGE_LOOP_ANALYSIS = YES;
				CLANG_WARN_STRICT_PROTOTYPES = YES;
				CLANG_WARN_SUSPICIOUS_MOVE = YES;
				CLANG_WARN_UNGUARDED_AVAILABILITY = YES_AGGRESSIVE;
				CLANG_WARN_UNREACHABLE_CODE = YES;
				CLANG_WARN__DUPLICATE_METHOD_MATCH = YES;
				COPY_PHASE_STRIP = NO;
				DEBUG_INFORMATION_FORMAT = "dwarf-with-dsym";
				ENABLE_NS_ASSERTIONS = NO;
				ENABLE_STRICT_OBJC_MSGSEND = YES;
				GCC_C_LANGUAGE_STANDARD = gnu11;
				GCC_NO_COMMON_BLOCKS = YES;
				GCC_WARN_64_TO_32_BIT_CONVERSION = YES;
				GCC_WARN_ABOUT_RETURN_TYPE = YES_ERROR;
				GCC_WARN_UNDECLARED_SELECTOR = YES;
				GCC_WARN_UNINITIALIZED_AUTOS = YES_AGGRESSIVE;
				GCC_WARN_UNUSED_FUNCTION = YES;
				GCC_WARN_UNUSED_VARIABLE = YES;
				IPHONEOS_DEPLOYMENT_TARGET = 15.5;
				MTL_ENABLE_DEBUG_INFO = NO;
				MTL_FAST_MATH = YES;
				SDKROOT = iphoneos;
				SWIFT_COMPILATION_MODE = wholemodule;
				SWIFT_OPTIMIZATION_LEVEL = "-O";
				VALIDATE_PRODUCT = YES;
			};
			name = Release;
		};
		13F9C2A3287479DD0064E2D6 /* Debug */ = {
			isa = XCBuildConfiguration;
			buildSettings = {
				ASSETCATALOG_COMPILER_APPICON_NAME = AppIcon;
				ASSETCATALOG_COMPILER_GLOBAL_ACCENT_COLOR_NAME = AccentColor;
				CODE_SIGN_STYLE = Automatic;
				CURRENT_PROJECT_VERSION = 1;
				GENERATE_INFOPLIST_FILE = YES;
				INFOPLIST_FILE = "Project1 - HackingSwift - StormViewer/Info.plist";
				INFOPLIST_KEY_UIApplicationSupportsIndirectInputEvents = YES;
				INFOPLIST_KEY_UILaunchStoryboardName = LaunchScreen;
				INFOPLIST_KEY_UIMainStoryboardFile = Main;
				INFOPLIST_KEY_UISupportedInterfaceOrientations_iPad = "UIInterfaceOrientationPortrait UIInterfaceOrientationPortraitUpsideDown UIInterfaceOrientationLandscapeLeft UIInterfaceOrientationLandscapeRight";
				INFOPLIST_KEY_UISupportedInterfaceOrientations_iPhone = "UIInterfaceOrientationPortrait UIInterfaceOrientationLandscapeLeft UIInterfaceOrientationLandscapeRight";
				LD_RUNPATH_SEARCH_PATHS = (
					"$(inherited)",
					"@executable_path/Frameworks",
				);
				MARKETING_VERSION = 1.0;
				PRODUCT_BUNDLE_IDENTIFIER = "Pedro-Ivo-Aquino.Project1---HackingSwift---StormViewer";
				PRODUCT_NAME = "$(TARGET_NAME)";
				SWIFT_EMIT_LOC_STRINGS = YES;
				SWIFT_VERSION = 5.0;
				TARGETED_DEVICE_FAMILY = "1,2";
			};
			name = Debug;
		};
		13F9C2A4287479DD0064E2D6 /* Release */ = {
			isa = XCBuildConfiguration;
			buildSettings = {
				ASSETCATALOG_COMPILER_APPICON_NAME = AppIcon;
				ASSETCATALOG_COMPILER_GLOBAL_ACCENT_COLOR_NAME = AccentColor;
				CODE_SIGN_STYLE = Automatic;
				CURRENT_PROJECT_VERSION = 1;
				GENERATE_INFOPLIST_FILE = YES;
				INFOPLIST_FILE = "Project1 - HackingSwift - StormViewer/Info.plist";
				INFOPLIST_KEY_UIApplicationSupportsIndirectInputEvents = YES;
				INFOPLIST_KEY_UILaunchStoryboardName = LaunchScreen;
				INFOPLIST_KEY_UIMainStoryboardFile = Main;
				INFOPLIST_KEY_UISupportedInterfaceOrientations_iPad = "UIInterfaceOrientationPortrait UIInterfaceOrientationPortraitUpsideDown UIInterfaceOrientationLandscapeLeft UIInterfaceOrientationLandscapeRight";
				INFOPLIST_KEY_UISupportedInterfaceOrientations_iPhone = "UIInterfaceOrientationPortrait UIInterfaceOrientationLandscapeLeft UIInterfaceOrientationLandscapeRight";
				LD_RUNPATH_SEARCH_PATHS = (
					"$(inherited)",
					"@executable_path/Frameworks",
				);
				MARKETING_VERSION = 1.0;
				PRODUCT_BUNDLE_IDENTIFIER = "Pedro-Ivo-Aquino.Project1---HackingSwift---StormViewer";
				PRODUCT_NAME = "$(TARGET_NAME)";
				SWIFT_EMIT_LOC_STRINGS = YES;
				SWIFT_VERSION = 5.0;
				TARGETED_DEVICE_FAMILY = "1,2";
			};
			name = Release;
		};
/* End XCBuildConfiguration section */

/* Begin XCConfigurationList section */
		13F9C289287479DC0064E2D6 /* Build configuration list for PBXProject "Project1 - HackingSwift - StormViewer" */ = {
			isa = XCConfigurationList;
			buildConfigurations = (
				13F9C2A0287479DD0064E2D6 /* Debug */,
				13F9C2A1287479DD0064E2D6 /* Release */,
			);
			defaultConfigurationIsVisible = 0;
			defaultConfigurationName = Release;
		};
		13F9C2A2287479DD0064E2D6 /* Build configuration list for PBXNativeTarget "Project1 - HackingSwift - StormViewer" */ = {
			isa = XCConfigurationList;
			buildConfigurations = (
				13F9C2A3287479DD0064E2D6 /* Debug */,
				13F9C2A4287479DD0064E2D6 /* Release */,
			);
			defaultConfigurationIsVisible = 0;
			defaultConfigurationName = Release;
		};
/* End XCConfigurationList section */
	};
	rootObject = 13F9C286287479DC0064E2D6 /* Project object */;
}
